// !$*UTF8*$!
{
	archiveVersion = 1;
	classes = {
	};
	objectVersion = 46;
	objects = {

/* Begin PBXBuildFile section */
		9F3D6C651DAA9DD700911E80 /* IsAnagrams.swift in Sources */ = {isa = PBXBuildFile; fileRef = 9F3D6C641DAA9DD700911E80 /* IsAnagrams.swift */; };
		9F3D6C671DAAA04800911E80 /* IsAnagramsTests.swift in Sources */ = {isa = PBXBuildFile; fileRef = 9F3D6C661DAAA04800911E80 /* IsAnagramsTests.swift */; };
		9F3D6C681DAAA09400911E80 /* IsAnagrams.swift in Sources */ = {isa = PBXBuildFile; fileRef = 9F3D6C641DAA9DD700911E80 /* IsAnagrams.swift */; };
		9F68E6591D9FEEB5003EF2BA /* AppDelegate.swift in Sources */ = {isa = PBXBuildFile; fileRef = 9F68E6581D9FEEB5003EF2BA /* AppDelegate.swift */; };
		9F68E65B1D9FEEB5003EF2BA /* ViewController.swift in Sources */ = {isa = PBXBuildFile; fileRef = 9F68E65A1D9FEEB5003EF2BA /* ViewController.swift */; };
		9F68E65E1D9FEEB5003EF2BA /* Main.storyboard in Resources */ = {isa = PBXBuildFile; fileRef = 9F68E65C1D9FEEB5003EF2BA /* Main.storyboard */; };
		9F68E6601D9FEEB5003EF2BA /* Assets.xcassets in Resources */ = {isa = PBXBuildFile; fileRef = 9F68E65F1D9FEEB5003EF2BA /* Assets.xcassets */; };
		9F68E6631D9FEEB5003EF2BA /* LaunchScreen.storyboard in Resources */ = {isa = PBXBuildFile; fileRef = 9F68E6611D9FEEB5003EF2BA /* LaunchScreen.storyboard */; };
		9F68E66E1D9FEEB5003EF2BA /* AlgorithmsTests.swift in Sources */ = {isa = PBXBuildFile; fileRef = 9F68E66D1D9FEEB5003EF2BA /* AlgorithmsTests.swift */; };
		9F68E67A1D9FF1BC003EF2BA /* MinInSortedShiftedArray.swift in Sources */ = {isa = PBXBuildFile; fileRef = 9F68E6791D9FF1BC003EF2BA /* MinInSortedShiftedArray.swift */; };
		9F68E67B1D9FF1BC003EF2BA /* MinInSortedShiftedArray.swift in Sources */ = {isa = PBXBuildFile; fileRef = 9F68E6791D9FF1BC003EF2BA /* MinInSortedShiftedArray.swift */; };
		9F68E67D1D9FF1D0003EF2BA /* MinInSortedShiftedArrayTests.swift in Sources */ = {isa = PBXBuildFile; fileRef = 9F68E67C1D9FF1D0003EF2BA /* MinInSortedShiftedArrayTests.swift */; };
		9F68E6811DA001F3003EF2BA /* BinarySearch.swift in Sources */ = {isa = PBXBuildFile; fileRef = 9F68E6801DA001F3003EF2BA /* BinarySearch.swift */; };
		9F68E6821DA001F3003EF2BA /* BinarySearch.swift in Sources */ = {isa = PBXBuildFile; fileRef = 9F68E6801DA001F3003EF2BA /* BinarySearch.swift */; };
		9F68E6841DA002F3003EF2BA /* BinarySearchTests.swift in Sources */ = {isa = PBXBuildFile; fileRef = 9F68E6831DA002F3003EF2BA /* BinarySearchTests.swift */; };
		9FAEBFD51DA8EEF100408356 /* MatrixChangeRowsAndLinesToZero.swift in Sources */ = {isa = PBXBuildFile; fileRef = 9FAEBFD41DA8EEF100408356 /* MatrixChangeRowsAndLinesToZero.swift */; };
		9FAEBFD61DA8EEF100408356 /* MatrixChangeRowsAndLinesToZero.swift in Sources */ = {isa = PBXBuildFile; fileRef = 9FAEBFD41DA8EEF100408356 /* MatrixChangeRowsAndLinesToZero.swift */; };
		9FAEBFD81DA8F65200408356 /* MatrixChangeRowsAndLinesToZeroTests.swift in Sources */ = {isa = PBXBuildFile; fileRef = 9FAEBFD71DA8F65200408356 /* MatrixChangeRowsAndLinesToZeroTests.swift */; };
		9FC472C71DA930C200FBE030 /* IsStringHasAllUniqueCharacters.swift in Sources */ = {isa = PBXBuildFile; fileRef = 9FC472C61DA930C200FBE030 /* IsStringHasAllUniqueCharacters.swift */; };
		9FC472C81DA930C200FBE030 /* IsStringHasAllUniqueCharacters.swift in Sources */ = {isa = PBXBuildFile; fileRef = 9FC472C61DA930C200FBE030 /* IsStringHasAllUniqueCharacters.swift */; };
		9FC472CB1DA932BE00FBE030 /* IsStringHasAllUniqueCharactersTests.swift in Sources */ = {isa = PBXBuildFile; fileRef = 9FC472CA1DA932BE00FBE030 /* IsStringHasAllUniqueCharactersTests.swift */; };
		9FC472CD1DA93B3A00FBE030 /* AllPermutationsOfString.swift in Sources */ = {isa = PBXBuildFile; fileRef = 9FC472CC1DA93B3A00FBE030 /* AllPermutationsOfString.swift */; };
		9FC472CE1DA93B3A00FBE030 /* AllPermutationsOfString.swift in Sources */ = {isa = PBXBuildFile; fileRef = 9FC472CC1DA93B3A00FBE030 /* AllPermutationsOfString.swift */; };
		9FC472D01DA9403B00FBE030 /* AllPermutationsOfStringTests.swift in Sources */ = {isa = PBXBuildFile; fileRef = 9FC472CF1DA9403B00FBE030 /* AllPermutationsOfStringTests.swift */; };
/* End PBXBuildFile section */

/* Begin PBXContainerItemProxy section */
		9F68E66A1D9FEEB5003EF2BA /* PBXContainerItemProxy */ = {
			isa = PBXContainerItemProxy;
			containerPortal = 9F68E64D1D9FEEB5003EF2BA /* Project object */;
			proxyType = 1;
			remoteGlobalIDString = 9F68E6541D9FEEB5003EF2BA;
			remoteInfo = Algorithms;
		};
/* End PBXContainerItemProxy section */

/* Begin PBXFileReference section */
		9F3D6C641DAA9DD700911E80 /* IsAnagrams.swift */ = {isa = PBXFileReference; fileEncoding = 4; lastKnownFileType = sourcecode.swift; path = IsAnagrams.swift; sourceTree = "<group>"; };
		9F3D6C661DAAA04800911E80 /* IsAnagramsTests.swift */ = {isa = PBXFileReference; fileEncoding = 4; lastKnownFileType = sourcecode.swift; path = IsAnagramsTests.swift; sourceTree = "<group>"; };
		9F68E6551D9FEEB5003EF2BA /* Algorithms.app */ = {isa = PBXFileReference; explicitFileType = wrapper.application; includeInIndex = 0; path = Algorithms.app; sourceTree = BUILT_PRODUCTS_DIR; };
		9F68E6581D9FEEB5003EF2BA /* AppDelegate.swift */ = {isa = PBXFileReference; lastKnownFileType = sourcecode.swift; path = AppDelegate.swift; sourceTree = "<group>"; };
		9F68E65A1D9FEEB5003EF2BA /* ViewController.swift */ = {isa = PBXFileReference; lastKnownFileType = sourcecode.swift; path = ViewController.swift; sourceTree = "<group>"; };
		9F68E65D1D9FEEB5003EF2BA /* Base */ = {isa = PBXFileReference; lastKnownFileType = file.storyboard; name = Base; path = Base.lproj/Main.storyboard; sourceTree = "<group>"; };
		9F68E65F1D9FEEB5003EF2BA /* Assets.xcassets */ = {isa = PBXFileReference; lastKnownFileType = folder.assetcatalog; path = Assets.xcassets; sourceTree = "<group>"; };
		9F68E6621D9FEEB5003EF2BA /* Base */ = {isa = PBXFileReference; lastKnownFileType = file.storyboard; name = Base; path = Base.lproj/LaunchScreen.storyboard; sourceTree = "<group>"; };
		9F68E6641D9FEEB5003EF2BA /* Info.plist */ = {isa = PBXFileReference; lastKnownFileType = text.plist.xml; path = Info.plist; sourceTree = "<group>"; };
		9F68E6691D9FEEB5003EF2BA /* AlgorithmsTests.xctest */ = {isa = PBXFileReference; explicitFileType = wrapper.cfbundle; includeInIndex = 0; path = AlgorithmsTests.xctest; sourceTree = BUILT_PRODUCTS_DIR; };
		9F68E66D1D9FEEB5003EF2BA /* AlgorithmsTests.swift */ = {isa = PBXFileReference; lastKnownFileType = sourcecode.swift; path = AlgorithmsTests.swift; sourceTree = "<group>"; };
		9F68E66F1D9FEEB5003EF2BA /* Info.plist */ = {isa = PBXFileReference; lastKnownFileType = text.plist.xml; path = Info.plist; sourceTree = "<group>"; };
		9F68E6791D9FF1BC003EF2BA /* MinInSortedShiftedArray.swift */ = {isa = PBXFileReference; fileEncoding = 4; lastKnownFileType = sourcecode.swift; path = MinInSortedShiftedArray.swift; sourceTree = "<group>"; };
		9F68E67C1D9FF1D0003EF2BA /* MinInSortedShiftedArrayTests.swift */ = {isa = PBXFileReference; fileEncoding = 4; lastKnownFileType = sourcecode.swift; path = MinInSortedShiftedArrayTests.swift; sourceTree = "<group>"; };
		9F68E6801DA001F3003EF2BA /* BinarySearch.swift */ = {isa = PBXFileReference; fileEncoding = 4; lastKnownFileType = sourcecode.swift; path = BinarySearch.swift; sourceTree = "<group>"; };
		9F68E6831DA002F3003EF2BA /* BinarySearchTests.swift */ = {isa = PBXFileReference; fileEncoding = 4; lastKnownFileType = sourcecode.swift; path = BinarySearchTests.swift; sourceTree = "<group>"; };
		9FAEBFD41DA8EEF100408356 /* MatrixChangeRowsAndLinesToZero.swift */ = {isa = PBXFileReference; fileEncoding = 4; lastKnownFileType = sourcecode.swift; path = MatrixChangeRowsAndLinesToZero.swift; sourceTree = "<group>"; };
		9FAEBFD71DA8F65200408356 /* MatrixChangeRowsAndLinesToZeroTests.swift */ = {isa = PBXFileReference; fileEncoding = 4; lastKnownFileType = sourcecode.swift; path = MatrixChangeRowsAndLinesToZeroTests.swift; sourceTree = "<group>"; };
		9FC472C61DA930C200FBE030 /* IsStringHasAllUniqueCharacters.swift */ = {isa = PBXFileReference; fileEncoding = 4; lastKnownFileType = sourcecode.swift; path = IsStringHasAllUniqueCharacters.swift; sourceTree = "<group>"; };
		9FC472CA1DA932BE00FBE030 /* IsStringHasAllUniqueCharactersTests.swift */ = {isa = PBXFileReference; fileEncoding = 4; lastKnownFileType = sourcecode.swift; path = IsStringHasAllUniqueCharactersTests.swift; sourceTree = "<group>"; };
		9FC472CC1DA93B3A00FBE030 /* AllPermutationsOfString.swift */ = {isa = PBXFileReference; fileEncoding = 4; lastKnownFileType = sourcecode.swift; path = AllPermutationsOfString.swift; sourceTree = "<group>"; };
		9FC472CF1DA9403B00FBE030 /* AllPermutationsOfStringTests.swift */ = {isa = PBXFileReference; fileEncoding = 4; lastKnownFileType = sourcecode.swift; path = AllPermutationsOfStringTests.swift; sourceTree = "<group>"; };
/* End PBXFileReference section */

/* Begin PBXFrameworksBuildPhase section */
		9F68E6521D9FEEB5003EF2BA /* Frameworks */ = {
			isa = PBXFrameworksBuildPhase;
			buildActionMask = 2147483647;
			files = (
			);
			runOnlyForDeploymentPostprocessing = 0;
		};
		9F68E6661D9FEEB5003EF2BA /* Frameworks */ = {
			isa = PBXFrameworksBuildPhase;
			buildActionMask = 2147483647;
			files = (
			);
			runOnlyForDeploymentPostprocessing = 0;
		};
/* End PBXFrameworksBuildPhase section */

/* Begin PBXGroup section */
		9F68E64C1D9FEEB5003EF2BA = {
			isa = PBXGroup;
			children = (
				9F68E6571D9FEEB5003EF2BA /* Algorithms */,
				9F68E66C1D9FEEB5003EF2BA /* AlgorithmsTests */,
				9F68E6561D9FEEB5003EF2BA /* Products */,
			);
			sourceTree = "<group>";
		};
		9F68E6561D9FEEB5003EF2BA /* Products */ = {
			isa = PBXGroup;
			children = (
				9F68E6551D9FEEB5003EF2BA /* Algorithms.app */,
				9F68E6691D9FEEB5003EF2BA /* AlgorithmsTests.xctest */,
			);
			name = Products;
			sourceTree = "<group>";
		};
		9F68E6571D9FEEB5003EF2BA /* Algorithms */ = {
			isa = PBXGroup;
			children = (
				9FC472C51DA9309300FBE030 /* String */,
				9F68E6781D9FF19E003EF2BA /* Arrays */,
				9F68E6581D9FEEB5003EF2BA /* AppDelegate.swift */,
				9F68E65A1D9FEEB5003EF2BA /* ViewController.swift */,
				9F68E65C1D9FEEB5003EF2BA /* Main.storyboard */,
				9F68E65F1D9FEEB5003EF2BA /* Assets.xcassets */,
				9F68E6611D9FEEB5003EF2BA /* LaunchScreen.storyboard */,
				9F68E6641D9FEEB5003EF2BA /* Info.plist */,
			);
			path = Algorithms;
			sourceTree = "<group>";
		};
		9F68E66C1D9FEEB5003EF2BA /* AlgorithmsTests */ = {
			isa = PBXGroup;
			children = (
				9FC472C91DA932AA00FBE030 /* Strings */,
				9F68E67F1D9FF1EE003EF2BA /* Arrays */,
				9F68E66D1D9FEEB5003EF2BA /* AlgorithmsTests.swift */,
				9F68E66F1D9FEEB5003EF2BA /* Info.plist */,
			);
			path = AlgorithmsTests;
			sourceTree = "<group>";
		};
		9F68E6781D9FF19E003EF2BA /* Arrays */ = {
			isa = PBXGroup;
			children = (
				9F68E6791D9FF1BC003EF2BA /* MinInSortedShiftedArray.swift */,
				9F68E6801DA001F3003EF2BA /* BinarySearch.swift */,
				9FAEBFD41DA8EEF100408356 /* MatrixChangeRowsAndLinesToZero.swift */,
			);
			name = Arrays;
			sourceTree = "<group>";
		};
		9F68E67F1D9FF1EE003EF2BA /* Arrays */ = {
			isa = PBXGroup;
			children = (
				9F68E67C1D9FF1D0003EF2BA /* MinInSortedShiftedArrayTests.swift */,
				9F68E6831DA002F3003EF2BA /* BinarySearchTests.swift */,
				9FAEBFD71DA8F65200408356 /* MatrixChangeRowsAndLinesToZeroTests.swift */,
			);
			name = Arrays;
			sourceTree = "<group>";
		};
		9FC472C51DA9309300FBE030 /* String */ = {
			isa = PBXGroup;
			children = (
				9FC472C61DA930C200FBE030 /* IsStringHasAllUniqueCharacters.swift */,
				9FC472CC1DA93B3A00FBE030 /* AllPermutationsOfString.swift */,
				9F3D6C641DAA9DD700911E80 /* IsAnagrams.swift */,
			);
			name = String;
			sourceTree = "<group>";
		};
		9FC472C91DA932AA00FBE030 /* Strings */ = {
			isa = PBXGroup;
			children = (
				9FC472CA1DA932BE00FBE030 /* IsStringHasAllUniqueCharactersTests.swift */,
				9FC472CF1DA9403B00FBE030 /* AllPermutationsOfStringTests.swift */,
				9F3D6C661DAAA04800911E80 /* IsAnagramsTests.swift */,
			);
			name = Strings;
			sourceTree = "<group>";
		};
/* End PBXGroup section */

/* Begin PBXNativeTarget section */
		9F68E6541D9FEEB5003EF2BA /* Algorithms */ = {
			isa = PBXNativeTarget;
			buildConfigurationList = 9F68E6721D9FEEB5003EF2BA /* Build configuration list for PBXNativeTarget "Algorithms" */;
			buildPhases = (
				9F68E6511D9FEEB5003EF2BA /* Sources */,
				9F68E6521D9FEEB5003EF2BA /* Frameworks */,
				9F68E6531D9FEEB5003EF2BA /* Resources */,
			);
			buildRules = (
			);
			dependencies = (
			);
			name = Algorithms;
			productName = Algorithms;
			productReference = 9F68E6551D9FEEB5003EF2BA /* Algorithms.app */;
			productType = "com.apple.product-type.application";
		};
		9F68E6681D9FEEB5003EF2BA /* AlgorithmsTests */ = {
			isa = PBXNativeTarget;
			buildConfigurationList = 9F68E6751D9FEEB5003EF2BA /* Build configuration list for PBXNativeTarget "AlgorithmsTests" */;
			buildPhases = (
				9F68E6651D9FEEB5003EF2BA /* Sources */,
				9F68E6661D9FEEB5003EF2BA /* Frameworks */,
				9F68E6671D9FEEB5003EF2BA /* Resources */,
			);
			buildRules = (
			);
			dependencies = (
				9F68E66B1D9FEEB5003EF2BA /* PBXTargetDependency */,
			);
			name = AlgorithmsTests;
			productName = AlgorithmsTests;
			productReference = 9F68E6691D9FEEB5003EF2BA /* AlgorithmsTests.xctest */;
			productType = "com.apple.product-type.bundle.unit-test";
		};
/* End PBXNativeTarget section */

/* Begin PBXProject section */
		9F68E64D1D9FEEB5003EF2BA /* Project object */ = {
			isa = PBXProject;
			attributes = {
				LastSwiftUpdateCheck = 0800;
				LastUpgradeCheck = 0800;
				ORGANIZATIONNAME = "Ruslan Mansurov";
				TargetAttributes = {
					9F68E6541D9FEEB5003EF2BA = {
						CreatedOnToolsVersion = 8.0;
						ProvisioningStyle = Automatic;
					};
					9F68E6681D9FEEB5003EF2BA = {
						CreatedOnToolsVersion = 8.0;
						ProvisioningStyle = Automatic;
						TestTargetID = 9F68E6541D9FEEB5003EF2BA;
					};
				};
			};
			buildConfigurationList = 9F68E6501D9FEEB5003EF2BA /* Build configuration list for PBXProject "Algorithms" */;
			compatibilityVersion = "Xcode 3.2";
			developmentRegion = English;
			hasScannedForEncodings = 0;
			knownRegions = (
				en,
				Base,
			);
			mainGroup = 9F68E64C1D9FEEB5003EF2BA;
			productRefGroup = 9F68E6561D9FEEB5003EF2BA /* Products */;
			projectDirPath = "";
			projectRoot = "";
			targets = (
				9F68E6541D9FEEB5003EF2BA /* Algorithms */,
				9F68E6681D9FEEB5003EF2BA /* AlgorithmsTests */,
			);
		};
/* End PBXProject section */

/* Begin PBXResourcesBuildPhase section */
		9F68E6531D9FEEB5003EF2BA /* Resources */ = {
			isa = PBXResourcesBuildPhase;
			buildActionMask = 2147483647;
			files = (
				9F68E6631D9FEEB5003EF2BA /* LaunchScreen.storyboard in Resources */,
				9F68E6601D9FEEB5003EF2BA /* Assets.xcassets in Resources */,
				9F68E65E1D9FEEB5003EF2BA /* Main.storyboard in Resources */,
			);
			runOnlyForDeploymentPostprocessing = 0;
		};
		9F68E6671D9FEEB5003EF2BA /* Resources */ = {
			isa = PBXResourcesBuildPhase;
			buildActionMask = 2147483647;
			files = (
			);
			runOnlyForDeploymentPostprocessing = 0;
		};
/* End PBXResourcesBuildPhase section */

/* Begin PBXSourcesBuildPhase section */
		9F68E6511D9FEEB5003EF2BA /* Sources */ = {
			isa = PBXSourcesBuildPhase;
			buildActionMask = 2147483647;
			files = (
				9FC472C71DA930C200FBE030 /* IsStringHasAllUniqueCharacters.swift in Sources */,
				9F3D6C651DAA9DD700911E80 /* IsAnagrams.swift in Sources */,
				9F68E6811DA001F3003EF2BA /* BinarySearch.swift in Sources */,
				9F68E65B1D9FEEB5003EF2BA /* ViewController.swift in Sources */,
				9F68E6591D9FEEB5003EF2BA /* AppDelegate.swift in Sources */,
				9FAEBFD51DA8EEF100408356 /* MatrixChangeRowsAndLinesToZero.swift in Sources */,
				9F68E67A1D9FF1BC003EF2BA /* MinInSortedShiftedArray.swift in Sources */,
				9FC472CD1DA93B3A00FBE030 /* AllPermutationsOfString.swift in Sources */,
			);
			runOnlyForDeploymentPostprocessing = 0;
		};
		9F68E6651D9FEEB5003EF2BA /* Sources */ = {
			isa = PBXSourcesBuildPhase;
			buildActionMask = 2147483647;
			files = (
				9FC472CB1DA932BE00FBE030 /* IsStringHasAllUniqueCharactersTests.swift in Sources */,
				9F68E6821DA001F3003EF2BA /* BinarySearch.swift in Sources */,
				9FC472D01DA9403B00FBE030 /* AllPermutationsOfStringTests.swift in Sources */,
				9F68E6841DA002F3003EF2BA /* BinarySearchTests.swift in Sources */,
				9FAEBFD61DA8EEF100408356 /* MatrixChangeRowsAndLinesToZero.swift in Sources */,
				9F3D6C671DAAA04800911E80 /* IsAnagramsTests.swift in Sources */,
				9F68E67D1D9FF1D0003EF2BA /* MinInSortedShiftedArrayTests.swift in Sources */,
				9F68E67B1D9FF1BC003EF2BA /* MinInSortedShiftedArray.swift in Sources */,
				9F3D6C681DAAA09400911E80 /* IsAnagrams.swift in Sources */,
				9FC472CE1DA93B3A00FBE030 /* AllPermutationsOfString.swift in Sources */,
				9FAEBFD81DA8F65200408356 /* MatrixChangeRowsAndLinesToZeroTests.swift in Sources */,
				9FC472C81DA930C200FBE030 /* IsStringHasAllUniqueCharacters.swift in Sources */,
				9F68E66E1D9FEEB5003EF2BA /* AlgorithmsTests.swift in Sources */,
			);
			runOnlyForDeploymentPostprocessing = 0;
		};
/* End PBXSourcesBuildPhase section */

/* Begin PBXTargetDependency section */
		9F68E66B1D9FEEB5003EF2BA /* PBXTargetDependency */ = {
			isa = PBXTargetDependency;
			target = 9F68E6541D9FEEB5003EF2BA /* Algorithms */;
			targetProxy = 9F68E66A1D9FEEB5003EF2BA /* PBXContainerItemProxy */;
		};
/* End PBXTargetDependency section */

/* Begin PBXVariantGroup section */
		9F68E65C1D9FEEB5003EF2BA /* Main.storyboard */ = {
			isa = PBXVariantGroup;
			children = (
				9F68E65D1D9FEEB5003EF2BA /* Base */,
			);
			name = Main.storyboard;
			sourceTree = "<group>";
		};
		9F68E6611D9FEEB5003EF2BA /* LaunchScreen.storyboard */ = {
			isa = PBXVariantGroup;
			children = (
				9F68E6621D9FEEB5003EF2BA /* Base */,
			);
			name = LaunchScreen.storyboard;
			sourceTree = "<group>";
		};
/* End PBXVariantGroup section */

/* Begin XCBuildConfiguration section */
		9F68E6701D9FEEB5003EF2BA /* Debug */ = {
			isa = XCBuildConfiguration;
			buildSettings = {
				ALWAYS_SEARCH_USER_PATHS = NO;
				CLANG_ANALYZER_NONNULL = YES;
				CLANG_CXX_LANGUAGE_STANDARD = "gnu++0x";
				CLANG_CXX_LIBRARY = "libc++";
				CLANG_ENABLE_MODULES = YES;
				CLANG_ENABLE_OBJC_ARC = YES;
				CLANG_WARN_BOOL_CONVERSION = YES;
				CLANG_WARN_CONSTANT_CONVERSION = YES;
				CLANG_WARN_DIRECT_OBJC_ISA_USAGE = YES_ERROR;
				CLANG_WARN_DOCUMENTATION_COMMENTS = YES;
				CLANG_WARN_EMPTY_BODY = YES;
				CLANG_WARN_ENUM_CONVERSION = YES;
				CLANG_WARN_INFINITE_RECURSION = YES;
				CLANG_WARN_INT_CONVERSION = YES;
				CLANG_WARN_OBJC_ROOT_CLASS = YES_ERROR;
				CLANG_WARN_SUSPICIOUS_MOVES = YES;
				CLANG_WARN_UNREACHABLE_CODE = YES;
				CLANG_WARN__DUPLICATE_METHOD_MATCH = YES;
				"CODE_SIGN_IDENTITY[sdk=iphoneos*]" = "iPhone Developer";
				COPY_PHASE_STRIP = NO;
				DEBUG_INFORMATION_FORMAT = dwarf;
				ENABLE_STRICT_OBJC_MSGSEND = YES;
				ENABLE_TESTABILITY = YES;
				GCC_C_LANGUAGE_STANDARD = gnu99;
				GCC_DYNAMIC_NO_PIC = NO;
				GCC_NO_COMMON_BLOCKS = YES;
				GCC_OPTIMIZATION_LEVEL = 0;
				GCC_PREPROCESSOR_DEFINITIONS = (
					"DEBUG=1",
					"$(inherited)",
				);
				GCC_WARN_64_TO_32_BIT_CONVERSION = YES;
				GCC_WARN_ABOUT_RETURN_TYPE = YES_ERROR;
				GCC_WARN_UNDECLARED_SELECTOR = YES;
				GCC_WARN_UNINITIALIZED_AUTOS = YES_AGGRESSIVE;
				GCC_WARN_UNUSED_FUNCTION = YES;
				GCC_WARN_UNUSED_VARIABLE = YES;
				IPHONEOS_DEPLOYMENT_TARGET = 10.0;
				MTL_ENABLE_DEBUG_INFO = YES;
				ONLY_ACTIVE_ARCH = YES;
				SDKROOT = iphoneos;
				SWIFT_ACTIVE_COMPILATION_CONDITIONS = DEBUG;
				SWIFT_OPTIMIZATION_LEVEL = "-Onone";
				TARGETED_DEVICE_FAMILY = "1,2";
			};
			name = Debug;
		};
		9F68E6711D9FEEB5003EF2BA /* Release */ = {
			isa = XCBuildConfiguration;
			buildSettings = {
				ALWAYS_SEARCH_USER_PATHS = NO;
				CLANG_ANALYZER_NONNULL = YES;
				CLANG_CXX_LANGUAGE_STANDARD = "gnu++0x";
				CLANG_CXX_LIBRARY = "libc++";
				CLANG_ENABLE_MODULES = YES;
				CLANG_ENABLE_OBJC_ARC = YES;
				CLANG_WARN_BOOL_CONVERSION = YES;
				CLANG_WARN_CONSTANT_CONVERSION = YES;
				CLANG_WARN_DIRECT_OBJC_ISA_USAGE = YES_ERROR;
				CLANG_WARN_DOCUMENTATION_COMMENTS = YES;
				CLANG_WARN_EMPTY_BODY = YES;
				CLANG_WARN_ENUM_CONVERSION = YES;
				CLANG_WARN_INFINITE_RECURSION = YES;
				CLANG_WARN_INT_CONVERSION = YES;
				CLANG_WARN_OBJC_ROOT_CLASS = YES_ERROR;
				CLANG_WARN_SUSPICIOUS_MOVES = YES;
				CLANG_WARN_UNREACHABLE_CODE = YES;
				CLANG_WARN__DUPLICATE_METHOD_MATCH = YES;
				"CODE_SIGN_IDENTITY[sdk=iphoneos*]" = "iPhone Developer";
				COPY_PHASE_STRIP = NO;
				DEBUG_INFORMATION_FORMAT = "dwarf-with-dsym";
				ENABLE_NS_ASSERTIONS = NO;
				ENABLE_STRICT_OBJC_MSGSEND = YES;
				GCC_C_LANGUAGE_STANDARD = gnu99;
				GCC_NO_COMMON_BLOCKS = YES;
				GCC_WARN_64_TO_32_BIT_CONVERSION = YES;
				GCC_WARN_ABOUT_RETURN_TYPE = YES_ERROR;
				GCC_WARN_UNDECLARED_SELECTOR = YES;
				GCC_WARN_UNINITIALIZED_AUTOS = YES_AGGRESSIVE;
				GCC_WARN_UNUSED_FUNCTION = YES;
				GCC_WARN_UNUSED_VARIABLE = YES;
				IPHONEOS_DEPLOYMENT_TARGET = 10.0;
				MTL_ENABLE_DEBUG_INFO = NO;
				SDKROOT = iphoneos;
				SWIFT_OPTIMIZATION_LEVEL = "-Owholemodule";
				TARGETED_DEVICE_FAMILY = "1,2";
				VALIDATE_PRODUCT = YES;
			};
			name = Release;
		};
		9F68E6731D9FEEB5003EF2BA /* Debug */ = {
			isa = XCBuildConfiguration;
			buildSettings = {
				ASSETCATALOG_COMPILER_APPICON_NAME = AppIcon;
				INFOPLIST_FILE = Algorithms/Info.plist;
				LD_RUNPATH_SEARCH_PATHS = "$(inherited) @executable_path/Frameworks";
				PRODUCT_BUNDLE_IDENTIFIER = ru.arslaman.Algorithms;
				PRODUCT_NAME = "$(TARGET_NAME)";
				SWIFT_VERSION = 3.0;
			};
			name = Debug;
		};
		9F68E6741D9FEEB5003EF2BA /* Release */ = {
			isa = XCBuildConfiguration;
			buildSettings = {
				ASSETCATALOG_COMPILER_APPICON_NAME = AppIcon;
				INFOPLIST_FILE = Algorithms/Info.plist;
				LD_RUNPATH_SEARCH_PATHS = "$(inherited) @executable_path/Frameworks";
				PRODUCT_BUNDLE_IDENTIFIER = ru.arslaman.Algorithms;
				PRODUCT_NAME = "$(TARGET_NAME)";
				SWIFT_VERSION = 3.0;
			};
			name = Release;
		};
		9F68E6761D9FEEB5003EF2BA /* Debug */ = {
			isa = XCBuildConfiguration;
			buildSettings = {
				ALWAYS_EMBED_SWIFT_STANDARD_LIBRARIES = YES;
				BUNDLE_LOADER = "$(TEST_HOST)";
				INFOPLIST_FILE = AlgorithmsTests/Info.plist;
				LD_RUNPATH_SEARCH_PATHS = "$(inherited) @executable_path/Frameworks @loader_path/Frameworks";
				PRODUCT_BUNDLE_IDENTIFIER = ru.arslaman.AlgorithmsTests;
				PRODUCT_NAME = "$(TARGET_NAME)";
				SWIFT_VERSION = 3.0;
				TEST_HOST = "$(BUILT_PRODUCTS_DIR)/Algorithms.app/Algorithms";
			};
			name = Debug;
		};
		9F68E6771D9FEEB5003EF2BA /* Release */ = {
			isa = XCBuildConfiguration;
			buildSettings = {
				ALWAYS_EMBED_SWIFT_STANDARD_LIBRARIES = YES;
				BUNDLE_LOADER = "$(TEST_HOST)";
				INFOPLIST_FILE = AlgorithmsTests/Info.plist;
				LD_RUNPATH_SEARCH_PATHS = "$(inherited) @executable_path/Frameworks @loader_path/Frameworks";
				PRODUCT_BUNDLE_IDENTIFIER = ru.arslaman.AlgorithmsTests;
				PRODUCT_NAME = "$(TARGET_NAME)";
				SWIFT_VERSION = 3.0;
				TEST_HOST = "$(BUILT_PRODUCTS_DIR)/Algorithms.app/Algorithms";
			};
			name = Release;
		};
/* End XCBuildConfiguration section */

/* Begin XCConfigurationList section */
		9F68E6501D9FEEB5003EF2BA /* Build configuration list for PBXProject "Algorithms" */ = {
			isa = XCConfigurationList;
			buildConfigurations = (
				9F68E6701D9FEEB5003EF2BA /* Debug */,
				9F68E6711D9FEEB5003EF2BA /* Release */,
			);
			defaultConfigurationIsVisible = 0;
			defaultConfigurationName = Release;
		};
		9F68E6721D9FEEB5003EF2BA /* Build configuration list for PBXNativeTarget "Algorithms" */ = {
			isa = XCConfigurationList;
			buildConfigurations = (
				9F68E6731D9FEEB5003EF2BA /* Debug */,
				9F68E6741D9FEEB5003EF2BA /* Release */,
			);
			defaultConfigurationIsVisible = 0;
			defaultConfigurationName = Release;
		};
		9F68E6751D9FEEB5003EF2BA /* Build configuration list for PBXNativeTarget "AlgorithmsTests" */ = {
			isa = XCConfigurationList;
			buildConfigurations = (
				9F68E6761D9FEEB5003EF2BA /* Debug */,
				9F68E6771D9FEEB5003EF2BA /* Release */,
			);
			defaultConfigurationIsVisible = 0;
			defaultConfigurationName = Release;
		};
/* End XCConfigurationList section */
	};
	rootObject = 9F68E64D1D9FEEB5003EF2BA /* Project object */;
}
